
Microsoft Visual Studio Solution File, Format Version 12.00
# Visual Studio Version 16
VisualStudioVersion = 16.0.30907.101
MinimumVisualStudioVersion = 10.0.40219.1
Project("{8BC9CEB8-8B4A-11D0-8D11-00A0C91BC942}") = "unda", "unda\unda.vcxproj", "{9C0AE553-72FE-4661-AEEB-8EB3EE089D88}"
EndProject
Global
	GlobalSection(SolutionConfigurationPlatforms) = preSolution
		Debug|x64 = Debug|x64
		Debug|x86 = Debug|x86
		Release|x64 = Release|x64
		Release|x86 = Release|x86
	EndGlobalSection
	GlobalSection(ProjectConfigurationPlatforms) = postSolution
		{9C0AE553-72FE-4661-AEEB-8EB3EE089D88}.Debug|x64.ActiveCfg = Debug|x64
		{9C0AE553-72FE-4661-AEEB-8EB3EE089D88}.Debug|x64.Build.0 = Debug|x64
		{9C0AE553-72FE-4661-AEEB-8EB3EE089D88}.Debug|x86.ActiveCfg = Debug|Win32
		{9C0AE553-72FE-4661-AEEB-8EB3EE089D88}.Debug|x86.Build.0 = Debug|Win32
		{9C0AE553-72FE-4661-AEEB-8EB3EE089D88}.Release|x64.ActiveCfg = Release|x64
		{9C0AE553-72FE-4661-AEEB-8EB3EE089D88}.Release|x64.Build.0 = Release|x64
		{9C0AE553-72FE-4661-AEEB-8EB3EE089D88}.Release|x86.ActiveCfg = Release|Win32
		{9C0AE553-72FE-4661-AEEB-8EB3EE089D88}.Release|x86.Build.0 = Release|Win32
	EndGlobalSection
	GlobalSection(SolutionProperties) = preSolution
		HideSolutionNode = FALSE
	EndGlobalSection
	GlobalSection(ExtensibilityGlobals) = postSolution
		SolutionGuid = {D2D642B2-E826-4396-AFE3-BB3D28102F08}
	EndGlobalSection
EndGlobal
